github.com/joho/godotenv v1.5.1 h1:7eLL/+HRGLY0ldzfGMeQkb7vMd0as4CfYvUVzLqw0N0=
github.com/joho/godotenv v1.5.1/go.mod h1:f4LDr5Voq0i2e/R5DDNOoa2zzDfwtkZa6DnEwAbqwq4=
github.com/starcat-app/starcat-api-kit v0.2.0 h1:+7bnX1B/IWCSBTuFAJYAeTB5qd9vbrI8+zGkCLSJah0=
github.com/starcat-app/starcat-api-kit v0.2.0/go.mod h1:VcNsxwF+vGQGuzTHfGhDx/Pl5qkiO9h5oimpZ7F/Sts=
